
Microsoft Visual Studio Solution File, Format Version 12.00
# Visual Studio 14
VisualStudioVersion = 14.0.23107.0
MinimumVisualStudioVersion = 10.0.40219.1
Project("{F2A71F9B-5D33-465A-A702-920D77279786}") = "MonadicCompiler", "MonadicCompiler.fsproj", "{D768C16F-09C2-4247-9492-B8768130D407}"
EndProject
Global
	GlobalSection(SolutionConfigurationPlatforms) = preSolution
		Debug|Any CPU = Debug|Any CPU
		Release|Any CPU = Release|Any CPU
	EndGlobalSection
	GlobalSection(ProjectConfigurationPlatforms) = postSolution
		{D768C16F-09C2-4247-9492-B8768130D407}.Debug|Any CPU.ActiveCfg = Debug|Any CPU
		{D768C16F-09C2-4247-9492-B8768130D407}.Debug|Any CPU.Build.0 = Debug|Any CPU
		{D768C16F-09C2-4247-9492-B8768130D407}.Release|Any CPU.ActiveCfg = Release|Any CPU
		{D768C16F-09C2-4247-9492-B8768130D407}.Release|Any CPU.Build.0 = Release|Any CPU
	EndGlobalSection
	GlobalSection(SolutionProperties) = preSolution
		HideSolutionNode = FALSE
	EndGlobalSection
EndGlobal
